
Microsoft Visual Studio Solution File, Format Version 12.00
# Blend for Visual Studio Version 17
VisualStudioVersion = 17.3.32804.467
MinimumVisualStudioVersion = 10.0.40219.1
Project("{9A19103F-16F7-4668-BE54-9A1E7A4F7556}") = "OVSGoldieBoy", "Gold Splitter\OVSGoldieBoy.csproj", "{50D4E333-2CE4-44B2-AA8C-E280530C80D9}"
EndProject
Global
	GlobalSection(SolutionConfigurationPlatforms) = preSolution
		Debug|Any CPU = Debug|Any CPU
		Release|Any CPU = Release|Any CPU
	EndGlobalSection
	GlobalSection(ProjectConfigurationPlatforms) = postSolution
		{50D4E333-2CE4-44B2-AA8C-E280530C80D9}.Debug|Any CPU.ActiveCfg = Debug|Any CPU
		{50D4E333-2CE4-44B2-AA8C-E280530C80D9}.Debug|Any CPU.Build.0 = Debug|Any CPU
		{50D4E333-2CE4-44B2-AA8C-E280530C80D9}.Release|Any CPU.ActiveCfg = Release|Any CPU
		{50D4E333-2CE4-44B2-AA8C-E280530C80D9}.Release|Any CPU.Build.0 = Release|Any CPU
	EndGlobalSection
	GlobalSection(SolutionProperties) = preSolution
		HideSolutionNode = FALSE
	EndGlobalSection
	GlobalSection(ExtensibilityGlobals) = postSolution
		SolutionGuid = {1AF49E90-5192-4775-904B-1E64FE02441B}
	EndGlobalSection
EndGlobal
